
Microsoft Visual Studio Solution File, Format Version 12.00
# Visual Studio 2012
Project("{FAE04EC0-301F-11D3-BF4B-00C04F79EFBC}") = "FlexAddin.NUnit.Examples", "FlexAddin.Examples\FlexAddin.NUnit.Examples.csproj", "{0533BD2A-D0D7-4644-AAD3-96C060D395CA}"
EndProject
Project("{2150E333-8FDC-42A3-9474-1A3956D46DE8}") = ".nuget", ".nuget", "{8CC0AFD6-99D3-4CE8-A983-5812D9BE131D}"
	ProjectSection(SolutionItems) = preProject
		.nuget\packages.config = .nuget\packages.config
	EndProjectSection
EndProject
Project("{FAE04EC0-301F-11D3-BF4B-00C04F79EFBC}") = "FlexAddin.NUnit", "FlexAddin.NUnit\FlexAddin.NUnit.csproj", "{F184929C-7C0E-45AE-A4CA-658858AE584A}"
EndProject
Global
	GlobalSection(SolutionConfigurationPlatforms) = preSolution
		Debug|Any CPU = Debug|Any CPU
		Release|Any CPU = Release|Any CPU
	EndGlobalSection
	GlobalSection(ProjectConfigurationPlatforms) = postSolution
		{0533BD2A-D0D7-4644-AAD3-96C060D395CA}.Debug|Any CPU.ActiveCfg = Debug|Any CPU
		{0533BD2A-D0D7-4644-AAD3-96C060D395CA}.Debug|Any CPU.Build.0 = Debug|Any CPU
		{0533BD2A-D0D7-4644-AAD3-96C060D395CA}.Release|Any CPU.ActiveCfg = Release|Any CPU
		{0533BD2A-D0D7-4644-AAD3-96C060D395CA}.Release|Any CPU.Build.0 = Release|Any CPU
		{F184929C-7C0E-45AE-A4CA-658858AE584A}.Debug|Any CPU.ActiveCfg = Debug|Any CPU
		{F184929C-7C0E-45AE-A4CA-658858AE584A}.Debug|Any CPU.Build.0 = Debug|Any CPU
		{F184929C-7C0E-45AE-A4CA-658858AE584A}.Release|Any CPU.ActiveCfg = Release|Any CPU
		{F184929C-7C0E-45AE-A4CA-658858AE584A}.Release|Any CPU.Build.0 = Release|Any CPU
	EndGlobalSection
	GlobalSection(SolutionProperties) = preSolution
		HideSolutionNode = FALSE
	EndGlobalSection
EndGlobal
